{"1.1.0",
[{<<"acceptor_pool">>,{pkg,<<"acceptor_pool">>,<<"1.0.0-rc.0">>},1},
 {<<"eini">>,{pkg,<<"eini">>,<<"1.2.4">>},1},
 {<<"erlcloud">>,{pkg,<<"erlcloud">>,<<"2.0.4">>},0},
 {<<"gen_flow">>,{pkg,<<"gen_flow">>,<<"0.0.3">>},0},
 {<<"goldrush">>,{pkg,<<"goldrush">>,<<"0.1.8">>},1},
 {<<"jsx">>,{pkg,<<"jsx">>,<<"2.8.0">>},1},
 {<<"lager">>,{pkg,<<"lager">>,<<"3.2.1">>},0},
 {<<"lasp_support">>,{pkg,<<"lasp_support">>,<<"0.0.1">>},0},
 {<<"lhttpc">>,{pkg,<<"lhttpc">>,<<"1.4.0">>},1},
 {<<"mochiweb">>,{pkg,<<"mochiweb">>,<<"2.12.2">>},1},
 {<<"partisan">>,{pkg,<<"partisan">>,<<"0.1.1">>},0},
 {<<"plumtree">>,{pkg,<<"plumtree">>,<<"0.1.0">>},0},
 {<<"rand_compat">>,{pkg,<<"rand_compat">>,<<"0.0.1">>},0},
 {<<"riak_dt">>,{pkg,<<"riak_dt">>,<<"2.1.1">>},1},
 {<<"sext">>,{pkg,<<"sext">>,<<"1.4.0">>},0},
 {<<"time_compat">>,{pkg,<<"time_compat">>,<<"0.0.1">>},0},
 {<<"types">>,{pkg,<<"types">>,<<"0.0.1">>},0},
 {<<"webmachine">>,
  {git,"https://github.com/webmachine/webmachine",
       {ref,"4edbea20f05dde54cd83e562ec29ae4cc5669f76"}},
  0}]}.
[
{pkg_hash,[
 {<<"acceptor_pool">>, <<"679D741DF87FC13599B1AEF2DF8F78F1F880449A6BEFAB7C44FB6FAE0E92A2DE">>},
 {<<"eini">>, <<"ABD64A0533398A6D714D21219BB85F2D41FDB42665AC4080939B7BFA8E55F386">>},
 {<<"erlcloud">>, <<"02B404335B19AE125424805467C7F94D3EF755B4E06EBF281438D2D41CD0F820">>},
 {<<"gen_flow">>, <<"639F5C3F52DC3F7459542DE3F72D5BFF11EB7DB8FB055657A3011F9A70FCF0D7">>},
 {<<"goldrush">>, <<"2024BA375CEEA47E27EA70E14D2C483B2D8610101B4E852EF7F89163CDB6E649">>},
 {<<"jsx">>, <<"749BEC6D205C694AE1786D62CEA6CC45A390437E24835FD16D12D74F07097727">>},
 {<<"lager">>, <<"EEF4E18B39E4195D37606D9088EA05BF1B745986CF8EC84F01D332456FE88D17">>},
 {<<"lasp_support">>, <<"28E79936E10C5BFB9B8246AC1F4F8385224D4E1E288F318C6D51C42D277A7A6E">>},
 {<<"lhttpc">>, <<"61760AFEC1DDB98E47972BE93B13FBFF487A63D65B91A02C41122A0ADF83DA38">>},
 {<<"mochiweb">>, <<"80804AD342AFA3D7F3524040D4EED66CE74B17A555DE454AC85B07C479928E46">>},
 {<<"partisan">>, <<"F2AB3F20DCA4AAE79F428D08911CD98C916745FA06C9C345631EE4F5B2B609A7">>},
 {<<"plumtree">>, <<"6FD05600AFE22706ED2C4CD64B37FB155363B4FAD922F538FB8376A409569A9E">>},
 {<<"rand_compat">>, <<"624B590931D27252D0BCF710211699DB3695540706F57D2E91B918A17AB58839">>},
 {<<"riak_dt">>, <<"56B1898A543C561994F5D052FDEA972525CA98F46FDB3DCDB7366E4F92EE8F54">>},
 {<<"sext">>, <<"2A9443A90C3164231A5E11C73133C4B1762B27FBF1647AA0DE06EF565C47B38B">>},
 {<<"time_compat">>, <<"23FE0AD1FDF3B5B88821B2D04B4B5E865BF587AE66056D671FE0F53514ED8139">>},
 {<<"types">>, <<"0287428C7BCB1643E0C254295E67CEA89E5B9144603955CAC2699C7418A33B1A">>}]}
].
